
Microsoft Visual Studio Solution File, Format Version 12.00
# Visual Studio Version 16
VisualStudioVersion = 16.0.30804.86
MinimumVisualStudioVersion = 10.0.40219.1
Project("{FAE04EC0-301F-11D3-BF4B-00C04F79EFBC}") = "EralpStajProjesi", "EralpStajProjesi\EralpStajProjesi.csproj", "{5CDA6FF0-2A81-4B3B-B416-1D0E3402BFDD}"
EndProject
Global
	GlobalSection(SolutionConfigurationPlatforms) = preSolution
		Debug|Any CPU = Debug|Any CPU
		Release|Any CPU = Release|Any CPU
	EndGlobalSection
	GlobalSection(ProjectConfigurationPlatforms) = postSolution
		{5CDA6FF0-2A81-4B3B-B416-1D0E3402BFDD}.Debug|Any CPU.ActiveCfg = Debug|Any CPU
		{5CDA6FF0-2A81-4B3B-B416-1D0E3402BFDD}.Debug|Any CPU.Build.0 = Debug|Any CPU
		{5CDA6FF0-2A81-4B3B-B416-1D0E3402BFDD}.Release|Any CPU.ActiveCfg = Release|Any CPU
		{5CDA6FF0-2A81-4B3B-B416-1D0E3402BFDD}.Release|Any CPU.Build.0 = Release|Any CPU
	EndGlobalSection
	GlobalSection(SolutionProperties) = preSolution
		HideSolutionNode = FALSE
	EndGlobalSection
	GlobalSection(ExtensibilityGlobals) = postSolution
		SolutionGuid = {88A51005-B27E-4441-B828-0A2A76D7A0AE}
	EndGlobalSection
EndGlobal
